
Microsoft Visual Studio Solution File, Format Version 12.00
# Visual Studio Version 17
VisualStudioVersion = 17.3.32819.101
MinimumVisualStudioVersion = 10.0.40219.1
Project("{9A19103F-16F7-4668-BE54-9A1E7A4F7556}") = "SkylerTourism.WebUI", "SkylerTourism.WebUI\SkylerTourism.WebUI.csproj", "{74F4195B-D6AC-4855-8FC0-44E30BA193B8}"
EndProject
Project("{9A19103F-16F7-4668-BE54-9A1E7A4F7556}") = "SkylerTourism.Entity", "SkylerTourism.Entity\SkylerTourism.Entity.csproj", "{647E9CE4-7DED-42B8-A25E-413B9AE1DC09}"
EndProject
Project("{9A19103F-16F7-4668-BE54-9A1E7A4F7556}") = "SkylerTourism.Data", "SkylerTourism.Data\SkylerTourism.Data.csproj", "{7ECA20C9-25AA-4B3F-A345-BD3F5D39A559}"
EndProject
Project("{9A19103F-16F7-4668-BE54-9A1E7A4F7556}") = "SkylerTourism.Business", "SkylerTourism.Business\SkylerTourism.Business.csproj", "{02FB27EB-484A-4FA8-AFF3-584F9A2448FE}"
EndProject
Project("{FAE04EC0-301F-11D3-BF4B-00C04F79EFBC}") = "SkylerTourism.Core", "SkylerTourism.Core\SkylerTourism.Core.csproj", "{D9AA99C6-9C2B-4C0B-AD75-1E35F7AF5CC4}"
EndProject
Global
	GlobalSection(SolutionConfigurationPlatforms) = preSolution
		Debug|Any CPU = Debug|Any CPU
		Release|Any CPU = Release|Any CPU
	EndGlobalSection
	GlobalSection(ProjectConfigurationPlatforms) = postSolution
		{74F4195B-D6AC-4855-8FC0-44E30BA193B8}.Debug|Any CPU.ActiveCfg = Debug|Any CPU
		{74F4195B-D6AC-4855-8FC0-44E30BA193B8}.Debug|Any CPU.Build.0 = Debug|Any CPU
		{74F4195B-D6AC-4855-8FC0-44E30BA193B8}.Release|Any CPU.ActiveCfg = Release|Any CPU
		{74F4195B-D6AC-4855-8FC0-44E30BA193B8}.Release|Any CPU.Build.0 = Release|Any CPU
		{647E9CE4-7DED-42B8-A25E-413B9AE1DC09}.Debug|Any CPU.ActiveCfg = Debug|Any CPU
		{647E9CE4-7DED-42B8-A25E-413B9AE1DC09}.Debug|Any CPU.Build.0 = Debug|Any CPU
		{647E9CE4-7DED-42B8-A25E-413B9AE1DC09}.Release|Any CPU.ActiveCfg = Release|Any CPU
		{647E9CE4-7DED-42B8-A25E-413B9AE1DC09}.Release|Any CPU.Build.0 = Release|Any CPU
		{7ECA20C9-25AA-4B3F-A345-BD3F5D39A559}.Debug|Any CPU.ActiveCfg = Debug|Any CPU
		{7ECA20C9-25AA-4B3F-A345-BD3F5D39A559}.Debug|Any CPU.Build.0 = Debug|Any CPU
		{7ECA20C9-25AA-4B3F-A345-BD3F5D39A559}.Release|Any CPU.ActiveCfg = Release|Any CPU
		{7ECA20C9-25AA-4B3F-A345-BD3F5D39A559}.Release|Any CPU.Build.0 = Release|Any CPU
		{02FB27EB-484A-4FA8-AFF3-584F9A2448FE}.Debug|Any CPU.ActiveCfg = Debug|Any CPU
		{02FB27EB-484A-4FA8-AFF3-584F9A2448FE}.Debug|Any CPU.Build.0 = Debug|Any CPU
		{02FB27EB-484A-4FA8-AFF3-584F9A2448FE}.Release|Any CPU.ActiveCfg = Release|Any CPU
		{02FB27EB-484A-4FA8-AFF3-584F9A2448FE}.Release|Any CPU.Build.0 = Release|Any CPU
		{D9AA99C6-9C2B-4C0B-AD75-1E35F7AF5CC4}.Debug|Any CPU.ActiveCfg = Debug|Any CPU
		{D9AA99C6-9C2B-4C0B-AD75-1E35F7AF5CC4}.Debug|Any CPU.Build.0 = Debug|Any CPU
		{D9AA99C6-9C2B-4C0B-AD75-1E35F7AF5CC4}.Release|Any CPU.ActiveCfg = Release|Any CPU
		{D9AA99C6-9C2B-4C0B-AD75-1E35F7AF5CC4}.Release|Any CPU.Build.0 = Release|Any CPU
	EndGlobalSection
	GlobalSection(SolutionProperties) = preSolution
		HideSolutionNode = FALSE
	EndGlobalSection
	GlobalSection(ExtensibilityGlobals) = postSolution
		SolutionGuid = {419CDD8F-C3BE-40CD-BD10-5F07CFC5A5F7}
	EndGlobalSection
EndGlobal
